<?xml version="1.0" encoding="utf-8"?>
<Project ToolsVersion="4.0" xmlns="http://schemas.microsoft.com/developer/msbuild/2003">
  <ItemGroup>
    <ClInclude Include="..\Mntone.Data.Amf\amf0_type.h" />
    <ClInclude Include="..\Mntone.Data.Amf\Amf0Parser.h" />
    <ClInclude Include="..\Mntone.Data.Amf\Amf0Sequencer.h" />
    <ClInclude Include="..\Mntone.Data.Amf\amf3_traits_info.h" />
    <ClInclude Include="..\Mntone.Data.Amf\amf3_type.h" />
    <ClInclude Include="..\Mntone.Data.Amf\Amf3Parser.h" />
    <ClInclude Include="..\Mntone.Data.Amf\AmfArray.h" />
    <ClInclude Include="..\Mntone.Data.Amf\AmfEncodingType.h" />
    <ClInclude Include="..\Mntone.Data.Amf\AmfObject.h" />
    <ClInclude Include="..\Mntone.Data.Amf\AmfValue.h" />
    <ClInclude Include="..\Mntone.Data.Amf\AmfValueType.h" />
    <ClInclude Include="..\Mntone.Data.Amf\IAmfArray.h" />
    <ClInclude Include="..\Mntone.Data.Amf\IAmfObject.h" />
    <ClInclude Include="..\Mntone.Data.Amf\IAmfValue.h" />
    <ClInclude Include="..\Mntone.Data.Amf\Utilities.h" />
    <ClInclude Include="pch.h" />
    <ClInclude Include="COMExceptionHelper.h" />
  </ItemGroup>
  <ItemGroup>
    <ClCompile Include="..\Mntone.Data.Amf\Amf0Parser.cpp" />
    <ClCompile Include="..\Mntone.Data.Amf\Amf0Sequencer.cpp" />
    <ClCompile Include="..\Mntone.Data.Amf\Amf3Parser.cpp" />
    <ClCompile Include="..\Mntone.Data.Amf\AmfArray.cpp" />
    <ClCompile Include="..\Mntone.Data.Amf\AmfObject.cpp" />
    <ClCompile Include="..\Mntone.Data.Amf\AmfValue.cpp" />
    <ClCompile Include="..\Mntone.Data.Amf\Utilities.cpp" />
    <ClCompile Include="pch.cpp" />
    <ClCompile Include="COMExceptionHelper.cpp" />
  </ItemGroup>
</Project>